PODS:
  - app_settings (5.1.1):
    - Flutter
  - AppCheckCore (10.18.1):
    - GoogleUtilities/Environment (~> 7.11)
    - PromisesObjC (~> 2.3)
  - audio_waveforms (0.0.1):
    - Flutter
  - device_info_plus (0.0.1):
    - Flutter
  - emoji_picker_flutter (0.0.1):
    - Flutter
  - Firebase/CoreOnly (10.20.0):
    - FirebaseCore (= 10.20.0)
  - Firebase/Database (10.20.0):
    - Firebase/CoreOnly
    - FirebaseDatabase (~> 10.20.0)
  - Firebase/Storage (10.20.0):
    - Firebase/CoreOnly
    - FirebaseStorage (~> 10.20.0)
  - firebase_app_check (0.2.1-12):
    - Firebase/CoreOnly (~> 10.20.0)
    - firebase_core
    - FirebaseAppCheck (~> 10.20.0-beta)
    - Flutter
  - firebase_core (2.25.3):
    - Firebase/CoreOnly (= 10.20.0)
    - Flutter
  - firebase_database (10.4.0):
    - Firebase/Database (= 10.20.0)
    - firebase_core
    - Flutter
  - firebase_storage (11.6.4):
    - Firebase/Storage (= 10.20.0)
    - firebase_core
    - Flutter
  - FirebaseAppCheck (10.20.0):
    - AppCheckCore (~> 10.18)
    - FirebaseAppCheckInterop (~> 10.17)
    - FirebaseCore (~> 10.0)
    - GoogleUtilities/Environment (~> 7.8)
    - PromisesObjC (~> 2.1)
  - FirebaseAppCheckInterop (10.21.0)
  - FirebaseAuthInterop (10.21.0)
  - FirebaseCore (10.20.0):
    - FirebaseCoreInternal (~> 10.0)
    - GoogleUtilities/Environment (~> 7.12)
    - GoogleUtilities/Logger (~> 7.12)
  - FirebaseCoreExtension (10.21.0):
    - FirebaseCore (~> 10.0)
  - FirebaseCoreInternal (10.21.0):
    - "GoogleUtilities/NSData+zlib (~> 7.8)"
  - FirebaseDatabase (10.20.0):
    - FirebaseAppCheckInterop (~> 10.17)
    - FirebaseCore (~> 10.0)
    - FirebaseSharedSwift (~> 10.0)
    - leveldb-library (~> 1.22)
  - FirebaseSharedSwift (10.21.0)
  - FirebaseStorage (10.20.0):
    - FirebaseAppCheckInterop (~> 10.0)
    - FirebaseAuthInterop (~> 10.0)
    - FirebaseCore (~> 10.0)
    - FirebaseCoreExtension (~> 10.0)
    - GTMSessionFetcher/Core (< 4.0, >= 2.1)
  - Flutter (1.0.0)
  - flutter_keyboard_visibility (0.0.1):
    - Flutter
  - flutter_native_splash (0.0.1):
    - Flutter
  - flutter_tts (0.0.1):
    - Flutter
  - FMDB (2.7.5):
    - FMDB/standard (= 2.7.5)
  - FMDB/standard (2.7.5)
  - geocoding_ios (1.0.5):
    - Flutter
  - geolocator_apple (1.2.0):
    - Flutter
  - google_maps_flutter_ios (0.0.1):
    - Flutter
    - GoogleMaps (< 9.0)
  - GoogleMaps (6.2.1):
    - GoogleMaps/Maps (= 6.2.1)
  - GoogleMaps/Base (6.2.1)
  - GoogleMaps/Maps (6.2.1):
    - GoogleMaps/Base
  - GoogleUtilities/Environment (7.12.0):
    - PromisesObjC (< 3.0, >= 1.2)
  - GoogleUtilities/Logger (7.12.0):
    - GoogleUtilities/Environment
  - "GoogleUtilities/NSData+zlib (7.12.0)"
  - GTMSessionFetcher/Core (3.3.1)
  - image_picker_ios (0.0.1):
    - Flutter
  - leveldb-library (1.22.3)
  - map_autocomplete_field (0.0.1):
    - Flutter
  - path_provider_foundation (0.0.1):
    - Flutter
    - FlutterMacOS
  - permission_handler_apple (9.1.1):
    - Flutter
  - PromisesObjC (2.3.1)
  - shared_preferences_foundation (0.0.1):
    - Flutter
    - FlutterMacOS
  - speech_to_text (0.0.1):
    - Flutter
    - Try
  - sqflite (0.0.3):
    - Flutter
    - FMDB (>= 2.7.5)
  - Try (2.1.1)
  - url_launcher_ios (0.0.1):
    - Flutter
  - volume_control (0.0.1):
    - Flutter
  - webview_flutter_wkwebview (0.0.1):
    - Flutter

DEPENDENCIES:
  - app_settings (from `.symlinks/plugins/app_settings/ios`)
  - audio_waveforms (from `.symlinks/plugins/audio_waveforms/ios`)
  - device_info_plus (from `.symlinks/plugins/device_info_plus/ios`)
  - emoji_picker_flutter (from `.symlinks/plugins/emoji_picker_flutter/ios`)
  - firebase_app_check (from `.symlinks/plugins/firebase_app_check/ios`)
  - firebase_core (from `.symlinks/plugins/firebase_core/ios`)
  - firebase_database (from `.symlinks/plugins/firebase_database/ios`)
  - firebase_storage (from `.symlinks/plugins/firebase_storage/ios`)
  - Flutter (from `Flutter`)
  - flutter_keyboard_visibility (from `.symlinks/plugins/flutter_keyboard_visibility/ios`)
  - flutter_native_splash (from `.symlinks/plugins/flutter_native_splash/ios`)
  - flutter_tts (from `.symlinks/plugins/flutter_tts/ios`)
  - geocoding_ios (from `.symlinks/plugins/geocoding_ios/ios`)
  - geolocator_apple (from `.symlinks/plugins/geolocator_apple/ios`)
  - google_maps_flutter_ios (from `.symlinks/plugins/google_maps_flutter_ios/ios`)
  - image_picker_ios (from `.symlinks/plugins/image_picker_ios/ios`)
  - map_autocomplete_field (from `.symlinks/plugins/map_autocomplete_field/ios`)
  - path_provider_foundation (from `.symlinks/plugins/path_provider_foundation/darwin`)
  - permission_handler_apple (from `.symlinks/plugins/permission_handler_apple/ios`)
  - shared_preferences_foundation (from `.symlinks/plugins/shared_preferences_foundation/darwin`)
  - speech_to_text (from `.symlinks/plugins/speech_to_text/ios`)
  - sqflite (from `.symlinks/plugins/sqflite/ios`)
  - url_launcher_ios (from `.symlinks/plugins/url_launcher_ios/ios`)
  - volume_control (from `.symlinks/plugins/volume_control/ios`)
  - webview_flutter_wkwebview (from `.symlinks/plugins/webview_flutter_wkwebview/ios`)

SPEC REPOS:
  trunk:
    - AppCheckCore
    - Firebase
    - FirebaseAppCheck
    - FirebaseAppCheckInterop
    - FirebaseAuthInterop
    - FirebaseCore
    - FirebaseCoreExtension
    - FirebaseCoreInternal
    - FirebaseDatabase
    - FirebaseSharedSwift
    - FirebaseStorage
    - FMDB
    - GoogleMaps
    - GoogleUtilities
    - GTMSessionFetcher
    - leveldb-library
    - PromisesObjC
    - Try

EXTERNAL SOURCES:
  app_settings:
    :path: ".symlinks/plugins/app_settings/ios"
  audio_waveforms:
    :path: ".symlinks/plugins/audio_waveforms/ios"
  device_info_plus:
    :path: ".symlinks/plugins/device_info_plus/ios"
  emoji_picker_flutter:
    :path: ".symlinks/plugins/emoji_picker_flutter/ios"
  firebase_app_check:
    :path: ".symlinks/plugins/firebase_app_check/ios"
  firebase_core:
    :path: ".symlinks/plugins/firebase_core/ios"
  firebase_database:
    :path: ".symlinks/plugins/firebase_database/ios"
  firebase_storage:
    :path: ".symlinks/plugins/firebase_storage/ios"
  Flutter:
    :path: Flutter
  flutter_keyboard_visibility:
    :path: ".symlinks/plugins/flutter_keyboard_visibility/ios"
  flutter_native_splash:
    :path: ".symlinks/plugins/flutter_native_splash/ios"
  flutter_tts:
    :path: ".symlinks/plugins/flutter_tts/ios"
  geocoding_ios:
    :path: ".symlinks/plugins/geocoding_ios/ios"
  geolocator_apple:
    :path: ".symlinks/plugins/geolocator_apple/ios"
  google_maps_flutter_ios:
    :path: ".symlinks/plugins/google_maps_flutter_ios/ios"
  image_picker_ios:
    :path: ".symlinks/plugins/image_picker_ios/ios"
  map_autocomplete_field:
    :path: ".symlinks/plugins/map_autocomplete_field/ios"
  path_provider_foundation:
    :path: ".symlinks/plugins/path_provider_foundation/darwin"
  permission_handler_apple:
    :path: ".symlinks/plugins/permission_handler_apple/ios"
  shared_preferences_foundation:
    :path: ".symlinks/plugins/shared_preferences_foundation/darwin"
  speech_to_text:
    :path: ".symlinks/plugins/speech_to_text/ios"
  sqflite:
    :path: ".symlinks/plugins/sqflite/ios"
  url_launcher_ios:
    :path: ".symlinks/plugins/url_launcher_ios/ios"
  volume_control:
    :path: ".symlinks/plugins/volume_control/ios"
  webview_flutter_wkwebview:
    :path: ".symlinks/plugins/webview_flutter_wkwebview/ios"

SPEC CHECKSUMS:
  app_settings: 017320c6a680cdc94c799949d95b84cb69389ebc
  AppCheckCore: d0d4bcb6f90fd9f69958da5350467b79026b38c7
  audio_waveforms: cd736909ebc6b6a164eb74701d8c705ce3241e1c
  device_info_plus: c6fb39579d0f423935b0c9ce7ee2f44b71b9fce6
  emoji_picker_flutter: fe2e6151c5b548e975d546e6eeb567daf0962a58
  Firebase: 10c8cb12fb7ad2ae0c09ffc86cd9c1ab392a0031
  firebase_app_check: 76e17631ce3a8f3ca432bf424b01aff7e24185eb
  firebase_core: 96a734ae596de989b81a66f8a205f54485263555
  firebase_database: 6791845f1d3f243cbb4f0749d4c2aae75e0f893d
  firebase_storage: cab6237615be4a29f042640cc6364d54e1b6ffc4
  FirebaseAppCheck: 401b26f036fcbe0ffe40bdc1c831ab05955c1b9f
  FirebaseAppCheckInterop: 69fc7d8f6a1cbfa973efb8d1723651de30d12525
  FirebaseAuthInterop: b4161d3e99b05d2d528d6ee2759bc55a01976eba
  FirebaseCore: 28045c1560a2600d284b9c45a904fe322dc890b6
  FirebaseCoreExtension: 1c044fd46e95036cccb29134757c499613f3f564
  FirebaseCoreInternal: 43c1788eaeee9d1b97caaa751af567ce11010d00
  FirebaseDatabase: 7e838abb62ac2e1a1c792cbeb51df3c4b6607f54
  FirebaseSharedSwift: 19b3f709993d6fa1d84941d41c01e3c4c11eab93
  FirebaseStorage: 8505bae8ac6662474b5b50e07759fb2765c15746
  Flutter: e0871f40cf51350855a761d2e70bf5af5b9b5de7
  flutter_keyboard_visibility: 0339d06371254c3eb25eeb90ba8d17dca8f9c069
  flutter_native_splash: 52501b97d1c0a5f898d687f1646226c1f93c56ef
  flutter_tts: 0f492aab6accf87059b72354fcb4ba934304771d
  FMDB: 2ce00b547f966261cd18927a3ddb07cb6f3db82a
  geocoding_ios: a389ea40f6f548de6e63006a2e31bf66ff80769a
  geolocator_apple: 9157311f654584b9bb72686c55fc02a97b73f461
  google_maps_flutter_ios: d1318b4ff711612cab16862d7a87e31a7403d458
  GoogleMaps: 20d7b12be49a14287f797e88e0e31bc4156aaeb4
  GoogleUtilities: 0759d1a57ebb953965c2dfe0ba4c82e95ccc2e34
  GTMSessionFetcher: 8a1b34ad97ebe6f909fb8b9b77fba99943007556
  image_picker_ios: 99dfe1854b4fa34d0364e74a78448a0151025425
  leveldb-library: e74c27d8fbd22854db7cb467968a0b8aa1db7126
  map_autocomplete_field: e67dd3350915bbb0a62e30509218acd63ffc8c2b
  path_provider_foundation: 3784922295ac71e43754bd15e0653ccfd36a147c
  permission_handler_apple: e76247795d700c14ea09e3a2d8855d41ee80a2e6
  PromisesObjC: c50d2056b5253dadbd6c2bea79b0674bd5a52fa4
  shared_preferences_foundation: b4c3b4cddf1c21f02770737f147a3f5da9d39695
  speech_to_text: b43a7d99aef037bd758ed8e45d79bbac035d2dfe
  sqflite: 31f7eba61e3074736dff8807a9b41581e4f7f15a
  Try: 5ef669ae832617b3cee58cb2c6f99fb767a4ff96
  url_launcher_ios: bbd758c6e7f9fd7b5b1d4cde34d2b95fcce5e812
  volume_control: ae2b373c092d9ff5e57f704e9fa5e3098cc16d07
  webview_flutter_wkwebview: 4f3e50f7273d31e5500066ed267e3ae4309c5ae4

PODFILE CHECKSUM: 9e4d52f932ae95610fec5fec7e79f03cf78cd636

COCOAPODS: 1.15.2
